{
  "version": 4,
  "terraform_version": "1.8.5",
  "serial": 1,
  "lineage": "db5f394c-f9ff-caf5-b37b-955ed9fc2821",
  "outputs": {},
  "resources": [
    {
      "mode": "managed",
      "type": "azurerm_virtual_network",
      "name": "virtualnetwork1",
      "provider": "provider[\"registry.terraform.io/hashicorp/azurerm\"]",
      "instances": [
        {
          "schema_version": 0,
          "attributes": {
            "address_space": [
              "10.0.0.0/16"
            ],
            "bgp_community": "",
            "ddos_protection_plan": [],
            "dns_servers": [],
            "edge_zone": "",
            "encryption": [],
            "flow_timeout_in_minutes": 0,
            "guid": "15465b55-073f-4eae-b79e-8e114756e7aa",
            "id": "/subscriptions/7a84e537-4909-4d44-a4bf-52b023b49f65/resourceGroups/rg009/providers/Microsoft.Network/virtualNetworks/VN1",
            "location": "westeurope",
            "name": "VN1",
            "resource_group_name": "rg009",
            "subnet": [],
            "tags": null,
            "timeouts": null
          },
          "sensitive_attributes": [],
          "private": "eyJlMmJmYjczMC1lY2FhLTExZTYtOGY4OC0zNDM2M2JjN2M0YzAiOnsiY3JlYXRlIjoxODAwMDAwMDAwMDAwLCJkZWxldGUiOjE4MDAwMDAwMDAwMDAsInJlYWQiOjMwMDAwMDAwMDAwMCwidXBkYXRlIjoxODAwMDAwMDAwMDAwfX0="
        }
      ]
    }
  ],
  "check_results": null
}
